
Microsoft Visual Studio Solution File, Format Version 12.00
# Visual Studio Version 17
VisualStudioVersion = 17.5.33516.290
MinimumVisualStudioVersion = 10.0.40219.1
Project("{FAE04EC0-301F-11D3-BF4B-00C04F79EFBC}") = "ToDo.API", "ToDo.API.csproj", "{1B78DDA6-1430-4AD9-B10B-14364D53C98A}"
EndProject
Project("{FAE04EC0-301F-11D3-BF4B-00C04F79EFBC}") = "ToDo.Tests", "..\ToDo.Tests\ToDo.Tests.csproj", "{FE4C81DD-2816-45E0-9B0B-CE231683465C}"
EndProject
Global
	GlobalSection(SolutionConfigurationPlatforms) = preSolution
		Debug|Any CPU = Debug|Any CPU
		Release|Any CPU = Release|Any CPU
	EndGlobalSection
	GlobalSection(ProjectConfigurationPlatforms) = postSolution
		{1B78DDA6-1430-4AD9-B10B-14364D53C98A}.Debug|Any CPU.ActiveCfg = Debug|Any CPU
		{1B78DDA6-1430-4AD9-B10B-14364D53C98A}.Debug|Any CPU.Build.0 = Debug|Any CPU
		{1B78DDA6-1430-4AD9-B10B-14364D53C98A}.Release|Any CPU.ActiveCfg = Release|Any CPU
		{1B78DDA6-1430-4AD9-B10B-14364D53C98A}.Release|Any CPU.Build.0 = Release|Any CPU
		{FE4C81DD-2816-45E0-9B0B-CE231683465C}.Debug|Any CPU.ActiveCfg = Debug|Any CPU
		{FE4C81DD-2816-45E0-9B0B-CE231683465C}.Debug|Any CPU.Build.0 = Debug|Any CPU
		{FE4C81DD-2816-45E0-9B0B-CE231683465C}.Release|Any CPU.ActiveCfg = Release|Any CPU
		{FE4C81DD-2816-45E0-9B0B-CE231683465C}.Release|Any CPU.Build.0 = Release|Any CPU
	EndGlobalSection
	GlobalSection(SolutionProperties) = preSolution
		HideSolutionNode = FALSE
	EndGlobalSection
	GlobalSection(ExtensibilityGlobals) = postSolution
		SolutionGuid = {E4784037-CCD2-4DC9-A102-58BE221157EA}
	EndGlobalSection
EndGlobal
